
Microsoft Visual Studio Solution File, Format Version 12.00
# Visual Studio Version 16
VisualStudioVersion = 16.0.31911.196
MinimumVisualStudioVersion = 10.0.40219.1
Project("{FAE04EC0-301F-11D3-BF4B-00C04F79EFBC}") = "zoo", "zoo\zoo.csproj", "{03957215-796A-46CC-BBD9-1F2DA60C6E9E}"
EndProject
Global
	GlobalSection(SolutionConfigurationPlatforms) = preSolution
		Debug|Any CPU = Debug|Any CPU
		Release|Any CPU = Release|Any CPU
	EndGlobalSection
	GlobalSection(ProjectConfigurationPlatforms) = postSolution
		{03957215-796A-46CC-BBD9-1F2DA60C6E9E}.Debug|Any CPU.ActiveCfg = Debug|Any CPU
		{03957215-796A-46CC-BBD9-1F2DA60C6E9E}.Debug|Any CPU.Build.0 = Debug|Any CPU
		{03957215-796A-46CC-BBD9-1F2DA60C6E9E}.Release|Any CPU.ActiveCfg = Release|Any CPU
		{03957215-796A-46CC-BBD9-1F2DA60C6E9E}.Release|Any CPU.Build.0 = Release|Any CPU
	EndGlobalSection
	GlobalSection(SolutionProperties) = preSolution
		HideSolutionNode = FALSE
	EndGlobalSection
	GlobalSection(ExtensibilityGlobals) = postSolution
		SolutionGuid = {C97AABD9-72FD-4A6D-AE25-B44B67310EEB}
	EndGlobalSection
EndGlobal
